// !$*UTF8*$!
{
	archiveVersion = 1;
	classes = {
	};
	objectVersion = 50;
	objects = {

/* Begin PBXBuildFile section */
		1B821FA321E4649100D0938A /* Constants.swift in Sources */ = {isa = PBXBuildFile; fileRef = 1B821FA221E4649100D0938A /* Constants.swift */; };
		1B821FA521E465B600D0938A /* GamePlay.swift in Sources */ = {isa = PBXBuildFile; fileRef = 1B821FA421E465B600D0938A /* GamePlay.swift */; };
		1BAFFD0A21E4544600F390D4 /* AppDelegate.swift in Sources */ = {isa = PBXBuildFile; fileRef = 1BAFFD0921E4544600F390D4 /* AppDelegate.swift */; };
		1BAFFD0C21E4544600F390D4 /* ViewController.swift in Sources */ = {isa = PBXBuildFile; fileRef = 1BAFFD0B21E4544600F390D4 /* ViewController.swift */; };
		1BAFFD0F21E4544600F390D4 /* Main.storyboard in Resources */ = {isa = PBXBuildFile; fileRef = 1BAFFD0D21E4544600F390D4 /* Main.storyboard */; };
		1BAFFD1121E4544900F390D4 /* Assets.xcassets in Resources */ = {isa = PBXBuildFile; fileRef = 1BAFFD1021E4544900F390D4 /* Assets.xcassets */; };
		1BAFFD1421E4544900F390D4 /* LaunchScreen.storyboard in Resources */ = {isa = PBXBuildFile; fileRef = 1BAFFD1221E4544900F390D4 /* LaunchScreen.storyboard */; };
/* End PBXBuildFile section */

/* Begin PBXFileReference section */
		1B821FA221E4649100D0938A /* Constants.swift */ = {isa = PBXFileReference; lastKnownFileType = sourcecode.swift; path = Constants.swift; sourceTree = "<group>"; };
		1B821FA421E465B600D0938A /* GamePlay.swift */ = {isa = PBXFileReference; lastKnownFileType = sourcecode.swift; path = GamePlay.swift; sourceTree = "<group>"; };
		1BAFFD0621E4544600F390D4 /* SimonSaysGame.app */ = {isa = PBXFileReference; explicitFileType = wrapper.application; includeInIndex = 0; path = SimonSaysGame.app; sourceTree = BUILT_PRODUCTS_DIR; };
		1BAFFD0921E4544600F390D4 /* AppDelegate.swift */ = {isa = PBXFileReference; lastKnownFileType = sourcecode.swift; path = AppDelegate.swift; sourceTree = "<group>"; };
		1BAFFD0B21E4544600F390D4 /* ViewController.swift */ = {isa = PBXFileReference; lastKnownFileType = sourcecode.swift; path = ViewController.swift; sourceTree = "<group>"; };
		1BAFFD0E21E4544600F390D4 /* Base */ = {isa = PBXFileReference; lastKnownFileType = file.storyboard; name = Base; path = Base.lproj/Main.storyboard; sourceTree = "<group>"; };
		1BAFFD1021E4544900F390D4 /* Assets.xcassets */ = {isa = PBXFileReference; lastKnownFileType = folder.assetcatalog; path = Assets.xcassets; sourceTree = "<group>"; };
		1BAFFD1321E4544900F390D4 /* Base */ = {isa = PBXFileReference; lastKnownFileType = file.storyboard; name = Base; path = Base.lproj/LaunchScreen.storyboard; sourceTree = "<group>"; };
		1BAFFD1521E4544900F390D4 /* Info.plist */ = {isa = PBXFileReference; lastKnownFileType = text.plist.xml; path = Info.plist; sourceTree = "<group>"; };
/* End PBXFileReference section */

/* Begin PBXFrameworksBuildPhase section */
		1BAFFD0321E4544600F390D4 /* Frameworks */ = {
			isa = PBXFrameworksBuildPhase;
			buildActionMask = 2147483647;
			files = (
			);
			runOnlyForDeploymentPostprocessing = 0;
		};
/* End PBXFrameworksBuildPhase section */

/* Begin PBXGroup section */
		1BAFFCFD21E4544600F390D4 = {
			isa = PBXGroup;
			children = (
				1BAFFD0821E4544600F390D4 /* SimonSaysGame */,
				1BAFFD0721E4544600F390D4 /* Products */,
			);
			sourceTree = "<group>";
		};
		1BAFFD0721E4544600F390D4 /* Products */ = {
			isa = PBXGroup;
			children = (
				1BAFFD0621E4544600F390D4 /* SimonSaysGame.app */,
			);
			name = Products;
			sourceTree = "<group>";
		};
		1BAFFD0821E4544600F390D4 /* SimonSaysGame */ = {
			isa = PBXGroup;
			children = (
				1BAFFD0921E4544600F390D4 /* AppDelegate.swift */,
				1BAFFD0B21E4544600F390D4 /* ViewController.swift */,
				1BAFFD0D21E4544600F390D4 /* Main.storyboard */,
				1B821FA221E4649100D0938A /* Constants.swift */,
				1BAFFD1B21E458EF00F390D4 /* Resources */,
				1B821FA421E465B600D0938A /* GamePlay.swift */,
			);
			path = SimonSaysGame;
			sourceTree = "<group>";
		};
		1BAFFD1B21E458EF00F390D4 /* Resources */ = {
			isa = PBXGroup;
			children = (
				1BAFFD1021E4544900F390D4 /* Assets.xcassets */,
				1BAFFD1221E4544900F390D4 /* LaunchScreen.storyboard */,
				1BAFFD1521E4544900F390D4 /* Info.plist */,
			);
			path = Resources;
			sourceTree = "<group>";
		};
/* End PBXGroup section */

/* Begin PBXNativeTarget section */
		1BAFFD0521E4544600F390D4 /* SimonSaysGame */ = {
			isa = PBXNativeTarget;
			buildConfigurationList = 1BAFFD1821E4544900F390D4 /* Build configuration list for PBXNativeTarget "SimonSaysGame" */;
			buildPhases = (
				1BAFFD0221E4544600F390D4 /* Sources */,
				1BAFFD0321E4544600F390D4 /* Frameworks */,
				1BAFFD0421E4544600F390D4 /* Resources */,
			);
			buildRules = (
			);
			dependencies = (
			);
			name = SimonSaysGame;
			productName = SimonSaysGame;
			productReference = 1BAFFD0621E4544600F390D4 /* SimonSaysGame.app */;
			productType = "com.apple.product-type.application";
		};
/* End PBXNativeTarget section */

/* Begin PBXProject section */
		1BAFFCFE21E4544600F390D4 /* Project object */ = {
			isa = PBXProject;
			attributes = {
				LastSwiftUpdateCheck = 1010;
				LastUpgradeCheck = 1010;
				ORGANIZATIONNAME = "Steve Lederer";
				TargetAttributes = {
					1BAFFD0521E4544600F390D4 = {
						CreatedOnToolsVersion = 10.1;
					};
				};
			};
			buildConfigurationList = 1BAFFD0121E4544600F390D4 /* Build configuration list for PBXProject "SimonSaysGame" */;
			compatibilityVersion = "Xcode 9.3";
			developmentRegion = en;
			hasScannedForEncodings = 0;
			knownRegions = (
				en,
				Base,
			);
			mainGroup = 1BAFFCFD21E4544600F390D4;
			productRefGroup = 1BAFFD0721E4544600F390D4 /* Products */;
			projectDirPath = "";
			projectRoot = "";
			targets = (
				1BAFFD0521E4544600F390D4 /* SimonSaysGame */,
			);
		};
/* End PBXProject section */

/* Begin PBXResourcesBuildPhase section */
		1BAFFD0421E4544600F390D4 /* Resources */ = {
			isa = PBXResourcesBuildPhase;
			buildActionMask = 2147483647;
			files = (
				1BAFFD1421E4544900F390D4 /* LaunchScreen.storyboard in Resources */,
				1BAFFD1121E4544900F390D4 /* Assets.xcassets in Resources */,
				1BAFFD0F21E4544600F390D4 /* Main.storyboard in Resources */,
			);
			runOnlyForDeploymentPostprocessing = 0;
		};
/* End PBXResourcesBuildPhase section */

/* Begin PBXSourcesBuildPhase section */
		1BAFFD0221E4544600F390D4 /* Sources */ = {
			isa = PBXSourcesBuildPhase;
			buildActionMask = 2147483647;
			files = (
				1BAFFD0C21E4544600F390D4 /* ViewController.swift in Sources */,
				1B821FA521E465B600D0938A /* GamePlay.swift in Sources */,
				1BAFFD0A21E4544600F390D4 /* AppDelegate.swift in Sources */,
				1B821FA321E4649100D0938A /* Constants.swift in Sources */,
			);
			runOnlyForDeploymentPostprocessing = 0;
		};
/* End PBXSourcesBuildPhase section */

/* Begin PBXVariantGroup section */
		1BAFFD0D21E4544600F390D4 /* Main.storyboard */ = {
			isa = PBXVariantGroup;
			children = (
				1BAFFD0E21E4544600F390D4 /* Base */,
			);
			name = Main.storyboard;
			sourceTree = "<group>";
		};
		1BAFFD1221E4544900F390D4 /* LaunchScreen.storyboard */ = {
			isa = PBXVariantGroup;
			children = (
				1BAFFD1321E4544900F390D4 /* Base */,
			);
			name = LaunchScreen.storyboard;
			sourceTree = "<group>";
		};
/* End PBXVariantGroup section */

/* Begin XCBuildConfiguration section */
		1BAFFD1621E4544900F390D4 /* Debug */ = {
			isa = XCBuildConfiguration;
			buildSettings = {
				ALWAYS_SEARCH_USER_PATHS = NO;
				CLANG_ANALYZER_NONNULL = YES;
				CLANG_ANALYZER_NUMBER_OBJECT_CONVERSION = YES_AGGRESSIVE;
				CLANG_CXX_LANGUAGE_STANDARD = "gnu++14";
				CLANG_CXX_LIBRARY = "libc++";
				CLANG_ENABLE_MODULES = YES;
				CLANG_ENABLE_OBJC_ARC = YES;
				CLANG_ENABLE_OBJC_WEAK = YES;
				CLANG_WARN_BLOCK_CAPTURE_AUTORELEASING = YES;
				CLANG_WARN_BOOL_CONVERSION = YES;
				CLANG_WARN_COMMA = YES;
				CLANG_WARN_CONSTANT_CONVERSION = YES;
				CLANG_WARN_DEPRECATED_OBJC_IMPLEMENTATIONS = YES;
				CLANG_WARN_DIRECT_OBJC_ISA_USAGE = YES_ERROR;
				CLANG_WARN_DOCUMENTATION_COMMENTS = YES;
				CLANG_WARN_EMPTY_BODY = YES;
				CLANG_WARN_ENUM_CONVERSION = YES;
				CLANG_WARN_INFINITE_RECURSION = YES;
				CLANG_WARN_INT_CONVERSION = YES;
				CLANG_WARN_NON_LITERAL_NULL_CONVERSION = YES;
				CLANG_WARN_OBJC_IMPLICIT_RETAIN_SELF = YES;
				CLANG_WARN_OBJC_LITERAL_CONVERSION = YES;
				CLANG_WARN_OBJC_ROOT_CLASS = YES_ERROR;
				CLANG_WARN_RANGE_LOOP_ANALYSIS = YES;
				CLANG_WARN_STRICT_PROTOTYPES = YES;
				CLANG_WARN_SUSPICIOUS_MOVE = YES;
				CLANG_WARN_UNGUARDED_AVAILABILITY = YES_AGGRESSIVE;
				CLANG_WARN_UNREACHABLE_CODE = YES;
				CLANG_WARN__DUPLICATE_METHOD_MATCH = YES;
				CODE_SIGN_IDENTITY = "iPhone Developer";
				COPY_PHASE_STRIP = NO;
				DEBUG_INFORMATION_FORMAT = dwarf;
				ENABLE_STRICT_OBJC_MSGSEND = YES;
				ENABLE_TESTABILITY = YES;
				GCC_C_LANGUAGE_STANDARD = gnu11;
				GCC_DYNAMIC_NO_PIC = NO;
				GCC_NO_COMMON_BLOCKS = YES;
				GCC_OPTIMIZATION_LEVEL = 0;
				GCC_PREPROCESSOR_DEFINITIONS = (
					"DEBUG=1",
					"$(inherited)",
				);
				GCC_WARN_64_TO_32_BIT_CONVERSION = YES;
				GCC_WARN_ABOUT_RETURN_TYPE = YES_ERROR;
				GCC_WARN_UNDECLARED_SELECTOR = YES;
				GCC_WARN_UNINITIALIZED_AUTOS = YES_AGGRESSIVE;
				GCC_WARN_UNUSED_FUNCTION = YES;
				GCC_WARN_UNUSED_VARIABLE = YES;
				IPHONEOS_DEPLOYMENT_TARGET = 12.1;
				MTL_ENABLE_DEBUG_INFO = INCLUDE_SOURCE;
				MTL_FAST_MATH = YES;
				ONLY_ACTIVE_ARCH = YES;
				SDKROOT = iphoneos;
				SWIFT_ACTIVE_COMPILATION_CONDITIONS = DEBUG;
				SWIFT_OPTIMIZATION_LEVEL = "-Onone";
			};
			name = Debug;
		};
		1BAFFD1721E4544900F390D4 /* Release */ = {
			isa = XCBuildConfiguration;
			buildSettings = {
				ALWAYS_SEARCH_USER_PATHS = NO;
				CLANG_ANALYZER_NONNULL = YES;
				CLANG_ANALYZER_NUMBER_OBJECT_CONVERSION = YES_AGGRESSIVE;
				CLANG_CXX_LANGUAGE_STANDARD = "gnu++14";
				CLANG_CXX_LIBRARY = "libc++";
				CLANG_ENABLE_MODULES = YES;
				CLANG_ENABLE_OBJC_ARC = YES;
				CLANG_ENABLE_OBJC_WEAK = YES;
				CLANG_WARN_BLOCK_CAPTURE_AUTORELEASING = YES;
				CLANG_WARN_BOOL_CONVERSION = YES;
				CLANG_WARN_COMMA = YES;
				CLANG_WARN_CONSTANT_CONVERSION = YES;
				CLANG_WARN_DEPRECATED_OBJC_IMPLEMENTATIONS = YES;
				CLANG_WARN_DIRECT_OBJC_ISA_USAGE = YES_ERROR;
				CLANG_WARN_DOCUMENTATION_COMMENTS = YES;
				CLANG_WARN_EMPTY_BODY = YES;
				CLANG_WARN_ENUM_CONVERSION = YES;
				CLANG_WARN_INFINITE_RECURSION = YES;
				CLANG_WARN_INT_CONVERSION = YES;
				CLANG_WARN_NON_LITERAL_NULL_CONVERSION = YES;
				CLANG_WARN_OBJC_IMPLICIT_RETAIN_SELF = YES;
				CLANG_WARN_OBJC_LITERAL_CONVERSION = YES;
				CLANG_WARN_OBJC_ROOT_CLASS = YES_ERROR;
				CLANG_WARN_RANGE_LOOP_ANALYSIS = YES;
				CLANG_WARN_STRICT_PROTOTYPES = YES;
				CLANG_WARN_SUSPICIOUS_MOVE = YES;
				CLANG_WARN_UNGUARDED_AVAILABILITY = YES_AGGRESSIVE;
				CLANG_WARN_UNREACHABLE_CODE = YES;
				CLANG_WARN__DUPLICATE_METHOD_MATCH = YES;
				CODE_SIGN_IDENTITY = "iPhone Developer";
				COPY_PHASE_STRIP = NO;
				DEBUG_INFORMATION_FORMAT = "dwarf-with-dsym";
				ENABLE_NS_ASSERTIONS = NO;
				ENABLE_STRICT_OBJC_MSGSEND = YES;
				GCC_C_LANGUAGE_STANDARD = gnu11;
				GCC_NO_COMMON_BLOCKS = YES;
				GCC_WARN_64_TO_32_BIT_CONVERSION = YES;
				GCC_WARN_ABOUT_RETURN_TYPE = YES_ERROR;
				GCC_WARN_UNDECLARED_SELECTOR = YES;
				GCC_WARN_UNINITIALIZED_AUTOS = YES_AGGRESSIVE;
				GCC_WARN_UNUSED_FUNCTION = YES;
				GCC_WARN_UNUSED_VARIABLE = YES;
				IPHONEOS_DEPLOYMENT_TARGET = 12.1;
				MTL_ENABLE_DEBUG_INFO = NO;
				MTL_FAST_MATH = YES;
				SDKROOT = iphoneos;
				SWIFT_COMPILATION_MODE = wholemodule;
				SWIFT_OPTIMIZATION_LEVEL = "-O";
				VALIDATE_PRODUCT = YES;
			};
			name = Release;
		};
		1BAFFD1921E4544900F390D4 /* Debug */ = {
			isa = XCBuildConfiguration;
			buildSettings = {
				ASSETCATALOG_COMPILER_APPICON_NAME = AppIcon;
				CODE_SIGN_STYLE = Automatic;
				DEVELOPMENT_TEAM = 56CLV9J785;
				INFOPLIST_FILE = "$(SRCROOT)/SimonSaysGame/Resources/Info.plist";
				LD_RUNPATH_SEARCH_PATHS = (
					"$(inherited)",
					"@executable_path/Frameworks",
				);
				PRODUCT_BUNDLE_IDENTIFIER = com.stevelederer.SimonSaysGame;
				PRODUCT_NAME = "$(TARGET_NAME)";
				SWIFT_VERSION = 4.2;
				TARGETED_DEVICE_FAMILY = "1,2";
			};
			name = Debug;
		};
		1BAFFD1A21E4544900F390D4 /* Release */ = {
			isa = XCBuildConfiguration;
			buildSettings = {
				ASSETCATALOG_COMPILER_APPICON_NAME = AppIcon;
				CODE_SIGN_STYLE = Automatic;
				DEVELOPMENT_TEAM = 56CLV9J785;
				INFOPLIST_FILE = "$(SRCROOT)/SimonSaysGame/Resources/Info.plist";
				LD_RUNPATH_SEARCH_PATHS = (
					"$(inherited)",
					"@executable_path/Frameworks",
				);
				PRODUCT_BUNDLE_IDENTIFIER = com.stevelederer.SimonSaysGame;
				PRODUCT_NAME = "$(TARGET_NAME)";
				SWIFT_VERSION = 4.2;
				TARGETED_DEVICE_FAMILY = "1,2";
			};
			name = Release;
		};
/* End XCBuildConfiguration section */

/* Begin XCConfigurationList section */
		1BAFFD0121E4544600F390D4 /* Build configuration list for PBXProject "SimonSaysGame" */ = {
			isa = XCConfigurationList;
			buildConfigurations = (
				1BAFFD1621E4544900F390D4 /* Debug */,
				1BAFFD1721E4544900F390D4 /* Release */,
			);
			defaultConfigurationIsVisible = 0;
			defaultConfigurationName = Release;
		};
		1BAFFD1821E4544900F390D4 /* Build configuration list for PBXNativeTarget "SimonSaysGame" */ = {
			isa = XCConfigurationList;
			buildConfigurations = (
				1BAFFD1921E4544900F390D4 /* Debug */,
				1BAFFD1A21E4544900F390D4 /* Release */,
			);
			defaultConfigurationIsVisible = 0;
			defaultConfigurationName = Release;
		};
/* End XCConfigurationList section */
	};
	rootObject = 1BAFFCFE21E4544600F390D4 /* Project object */;
}
